{
    "_readme": [
        "This file locks the dependencies of your project to a known state",
        "Read more about it at https://getcomposer.org/doc/01-basic-usage.md#composer-lock-the-lock-file",
        "This file is @generated automatically"
    ],
    "content-hash": "347bffbc7b26204a6e0dde7754dc5f36",
    "packages": [
        {
            "name": "rosasurfer/ministruts",
            "version": "dev-master",
            "source": {
                "type": "git",
                "url": "https://github.com/rosasurfer/ministruts.git",
                "reference": "f08eaff3b7fe1cd50ae50fba56bbcc2ab5a7cc8d"
            },
            "dist": {
                "type": "zip",
                "url": "https://api.github.com/repos/rosasurfer/ministruts/zipball/f08eaff3b7fe1cd50ae50fba56bbcc2ab5a7cc8d",
                "reference": "f08eaff3b7fe1cd50ae50fba56bbcc2ab5a7cc8d",
                "shasum": ""
            },
            "require": {
                "php": ">=5.6"
            },
            "type": "library",
            "autoload": {
                "classmap": [
                    "src/"
                ],
                "files": [
                    "src/load.php"
                ]
            },
            "scripts": {
                "post-install-cmd": [
                    "bash bin/git-hooks/check-setup.sh post-checkout post-merge"
                ]
            },
            "license": [
                "WTFPL"
            ],
            "authors": [
                {
                    "name": "Peter Walther",
                    "email": "ministruts@rosasurfer.com"
                }
            ],
            "description": "Struts 1.2 inspired MVC web framework for PHP",
            "homepage": "http://ministruts.rosasurfer.com/",
            "support": {
                "source": "https://github.com/rosasurfer/ministruts/tree/master",
                "issues": "https://github.com/rosasurfer/ministruts/issues"
            },
            "time": "2017-05-30 17:52:16"
        }
    ],
    "packages-dev": [],
    "aliases": [],
    "minimum-stability": "stable",
    "stability-flags": {
        "rosasurfer/ministruts": 20
    },
    "prefer-stable": false,
    "prefer-lowest": false,
    "platform": {
        "php": ">=5.6"
    },
    "platform-dev": []
}
